
Microsoft Visual Studio Solution File, Format Version 12.00
# Visual Studio Version 17
VisualStudioVersion = 17.4.33205.214
MinimumVisualStudioVersion = 10.0.40219.1
Project("{9A19103F-16F7-4668-BE54-9A1E7A4F7556}") = "Shop", "Shop\Shop.csproj", "{6BC1866B-4AE5-401C-B987-64B6A0DDDFCC}"
EndProject
Global
	GlobalSection(SolutionConfigurationPlatforms) = preSolution
		Debug|Any CPU = Debug|Any CPU
		Release|Any CPU = Release|Any CPU
	EndGlobalSection
	GlobalSection(ProjectConfigurationPlatforms) = postSolution
		{6BC1866B-4AE5-401C-B987-64B6A0DDDFCC}.Debug|Any CPU.ActiveCfg = Debug|Any CPU
		{6BC1866B-4AE5-401C-B987-64B6A0DDDFCC}.Debug|Any CPU.Build.0 = Debug|Any CPU
		{6BC1866B-4AE5-401C-B987-64B6A0DDDFCC}.Release|Any CPU.ActiveCfg = Release|Any CPU
		{6BC1866B-4AE5-401C-B987-64B6A0DDDFCC}.Release|Any CPU.Build.0 = Release|Any CPU
	EndGlobalSection
	GlobalSection(SolutionProperties) = preSolution
		HideSolutionNode = FALSE
	EndGlobalSection
	GlobalSection(ExtensibilityGlobals) = postSolution
		SolutionGuid = {E2A8251E-29C0-4D4C-888A-0AF5C864B168}
	EndGlobalSection
EndGlobal
